
Microsoft Visual Studio Solution File, Format Version 12.00
# Visual Studio Version 17
VisualStudioVersion = 17.14.36518.9
MinimumVisualStudioVersion = 10.0.40219.1
Project("{FAE04EC0-301F-11D3-BF4B-00C04F79EFBC}") = "TripMate_TeodorLazar", "TripMate_TeodorLazar.csproj", "{B9BBC083-F1DB-1E36-1544-EFF19DF06D04}"
EndProject
Project("{FAE04EC0-301F-11D3-BF4B-00C04F79EFBC}") = "TripMate_Test", "TripMate_Test\TripMate_Test.csproj", "{458F18CC-D15A-4084-BA30-5E7FD348F52B}"
EndProject
Global
	GlobalSection(SolutionConfigurationPlatforms) = preSolution
		Debug|Any CPU = Debug|Any CPU
		Release|Any CPU = Release|Any CPU
	EndGlobalSection
	GlobalSection(ProjectConfigurationPlatforms) = postSolution
		{B9BBC083-F1DB-1E36-1544-EFF19DF06D04}.Debug|Any CPU.ActiveCfg = Debug|Any CPU
		{B9BBC083-F1DB-1E36-1544-EFF19DF06D04}.Debug|Any CPU.Build.0 = Debug|Any CPU
		{B9BBC083-F1DB-1E36-1544-EFF19DF06D04}.Release|Any CPU.ActiveCfg = Release|Any CPU
		{B9BBC083-F1DB-1E36-1544-EFF19DF06D04}.Release|Any CPU.Build.0 = Release|Any CPU
		{458F18CC-D15A-4084-BA30-5E7FD348F52B}.Debug|Any CPU.ActiveCfg = Debug|Any CPU
		{458F18CC-D15A-4084-BA30-5E7FD348F52B}.Debug|Any CPU.Build.0 = Debug|Any CPU
		{458F18CC-D15A-4084-BA30-5E7FD348F52B}.Release|Any CPU.ActiveCfg = Release|Any CPU
		{458F18CC-D15A-4084-BA30-5E7FD348F52B}.Release|Any CPU.Build.0 = Release|Any CPU
	EndGlobalSection
	GlobalSection(SolutionProperties) = preSolution
		HideSolutionNode = FALSE
	EndGlobalSection
	GlobalSection(ExtensibilityGlobals) = postSolution
		SolutionGuid = {2490DC98-E257-4453-9506-69C49829C958}
	EndGlobalSection
EndGlobal
